<?xml version="1.0" encoding="utf-8"?>
<Project ToolsVersion="4.0" xmlns="http://schemas.microsoft.com/developer/msbuild/2003">
  <ItemGroup>
    <Filter Include="Source Files">
      <UniqueIdentifier>{4FC737F1-C7A5-4376-A066-2A32D752A2FF}</UniqueIdentifier>
      <Extensions>cpp;c;cc;cxx;def;odl;idl;hpj;bat;asm;asmx</Extensions>
    </Filter>
    <Filter Include="Header Files">
      <UniqueIdentifier>{93995380-89BD-4b04-88EB-625FBE52EBFB}</UniqueIdentifier>
      <Extensions>h;hh;hpp;hxx;hm;inl;inc;ipp;xsd</Extensions>
    </Filter>
    <Filter Include="Resource Files">
      <UniqueIdentifier>{67DA6AB6-F800-4c08-8B7A-83BB121AAD01}</UniqueIdentifier>
      <Extensions>rc;ico;cur;bmp;dlg;rc2;rct;bin;rgs;gif;jpg;jpeg;jpe;resx;tiff;tif;png;wav;mfcribbon-ms</Extensions>
    </Filter>
    <Filter Include="Source Files\engine">
      <UniqueIdentifier>{54463763-f3f9-4886-a98b-2011dadefa80}</UniqueIdentifier>
    </Filter>
    <Filter Include="Source Files\logging">
      <UniqueIdentifier>{e63e3b38-fedf-4785-8c58-3dab96bd80b5}</UniqueIdentifier>
    </Filter>
    <Filter Include="Source Files\utility">
      <UniqueIdentifier>{266fa35c-4ef9-47cc-b0a0-ecfa70dcfdab}</UniqueIdentifier>
    </Filter>
    <Filter Include="Source Files\resource_manager">
      <UniqueIdentifier>{c9ea82f3-fc55-41c0-b7c7-0be12c38f249}</UniqueIdentifier>
    </Filter>
    <Filter Include="Source Files\render_manager">
      <UniqueIdentifier>{d7cd527a-f0bc-4e45-97df-7aa977abf4ed}</UniqueIdentifier>
    </Filter>
    <Filter Include="Source Files\scene_manager">
      <UniqueIdentifier>{43058c49-566f-4a8e-b1a8-0d21130f51ab}</UniqueIdentifier>
    </Filter>
  </ItemGroup>
  <ItemGroup>
    <ClCompile Include="logging\error_log_manager.cc">
      <Filter>Source Files\logging</Filter>
    </ClCompile>
    <ClCompile Include="entry_point.cc">
      <Filter>Source Files</Filter>
    </ClCompile>
    <ClCompile Include="test.cc">
      <Filter>Source Files</Filter>
    </ClCompile>
    <ClCompile Include="logging\tests_error_log_manager.cc">
      <Filter>Source Files\logging</Filter>
    </ClCompile>
    <ClCompile Include="engine\exception.cc">
      <Filter>Source Files\engine</Filter>
    </ClCompile>
    <ClCompile Include="resource_manager\resource_manager.cc">
      <Filter>Source Files\resource_manager</Filter>
    </ClCompile>
    <ClCompile Include="tests_exception.cc">
      <Filter>Source Files\engine</Filter>
    </ClCompile>
    <ClCompile Include="utility\tests_utility.cc">
      <Filter>Source Files\utility</Filter>
    </ClCompile>
    <ClCompile Include="resource_manager\tests_resource_manager.cc">
      <Filter>Source Files\resource_manager</Filter>
    </ClCompile>
    <ClCompile Include="resource_manager\tests_resource.cc">
      <Filter>Source Files\resource_manager</Filter>
    </ClCompile>
    <ClCompile Include="render_manager\tests_render_resource.cc">
      <Filter>Source Files\render_manager</Filter>
    </ClCompile>
    <ClCompile Include="render_manager\render_resource.cc">
      <Filter>Source Files\render_manager</Filter>
    </ClCompile>
    <ClCompile Include="render_manager\2d_render_manager.cc">
      <Filter>Source Files\render_manager</Filter>
    </ClCompile>
    <ClCompile Include="render_manager\2d_render_object.cc">
      <Filter>Source Files\render_manager</Filter>
    </ClCompile>
    <ClCompile Include="render_manager\2d_sprite_object.cc">
      <Filter>Source Files\render_manager</Filter>
    </ClCompile>
    <ClCompile Include="scene_manager\test_2d_layer.cc">
      <Filter>Source Files\scene_manager</Filter>
    </ClCompile>
  </ItemGroup>
  <ItemGroup>
    <ClInclude Include="engine\engine.h">
      <Filter>Source Files\engine</Filter>
    </ClInclude>
    <ClInclude Include="logging\error_log_manager.h">
      <Filter>Source Files\logging</Filter>
    </ClInclude>
    <ClInclude Include="unit_testing_switch.h">
      <Filter>Source Files</Filter>
    </ClInclude>
    <ClInclude Include="utility\utility.h">
      <Filter>Source Files\utility</Filter>
    </ClInclude>
    <ClInclude Include="engine\exception.h">
      <Filter>Source Files\engine</Filter>
    </ClInclude>
    <ClInclude Include="resource_manager\resource_manager.h">
      <Filter>Source Files\resource_manager</Filter>
    </ClInclude>
    <ClInclude Include="resource_manager\resource.h">
      <Filter>Source Files\resource_manager</Filter>
    </ClInclude>
    <ClInclude Include="string_constants.h">
      <Filter>Source Files\utility</Filter>
    </ClInclude>
    <ClInclude Include="render_manager\render_manager_base.h">
      <Filter>Source Files\render_manager</Filter>
    </ClInclude>
    <ClInclude Include="render_manager\render_resource.h">
      <Filter>Source Files\render_manager</Filter>
    </ClInclude>
    <ClInclude Include="render_manager\2d_render_manager.h">
      <Filter>Source Files\render_manager</Filter>
    </ClInclude>
    <ClInclude Include="render_manager\2d_render_object.h">
      <Filter>Source Files\render_manager</Filter>
    </ClInclude>
    <ClInclude Include="render_manager\2d_sprite_object.h">
      <Filter>Source Files\render_manager</Filter>
    </ClInclude>
    <ClInclude Include="scene_manager\2d_layer.h">
      <Filter>Source Files\scene_manager</Filter>
    </ClInclude>
    <ClInclude Include="scene_manager\scene_object.h">
      <Filter>Source Files\scene_manager</Filter>
    </ClInclude>
    <ClInclude Include="scene_manager\timer_h.h">
      <Filter>Source Files\scene_manager</Filter>
    </ClInclude>
    <ClInclude Include="scene_manager\scene_listener.h">
      <Filter>Source Files\scene_manager</Filter>
    </ClInclude>
    <ClInclude Include="scene_manager\2d_scene_manager.h">
      <Filter>Source Files\scene_manager</Filter>
    </ClInclude>
    <ClInclude Include="scene_manager\test_scene_object.h">
      <Filter>Source Files\scene_manager</Filter>
    </ClInclude>
  </ItemGroup>
</Project>